
Microsoft Visual Studio Solution File, Format Version 12.00
# Visual Studio Version 17
VisualStudioVersion = 17.7.34221.43
MinimumVisualStudioVersion = 10.0.40219.1
Project("{FAE04EC0-301F-11D3-BF4B-00C04F79EFBC}") = "Data", "Data.csproj", "{417220EA-358F-49B0-8A00-BA02E6E3D0EF}"
EndProject
Global
	GlobalSection(SolutionConfigurationPlatforms) = preSolution
		Debug|Any CPU = Debug|Any CPU
		Release|Any CPU = Release|Any CPU
	EndGlobalSection
	GlobalSection(ProjectConfigurationPlatforms) = postSolution
		{417220EA-358F-49B0-8A00-BA02E6E3D0EF}.Debug|Any CPU.ActiveCfg = Debug|Any CPU
		{417220EA-358F-49B0-8A00-BA02E6E3D0EF}.Debug|Any CPU.Build.0 = Debug|Any CPU
		{417220EA-358F-49B0-8A00-BA02E6E3D0EF}.Release|Any CPU.ActiveCfg = Release|Any CPU
		{417220EA-358F-49B0-8A00-BA02E6E3D0EF}.Release|Any CPU.Build.0 = Release|Any CPU
	EndGlobalSection
	GlobalSection(SolutionProperties) = preSolution
		HideSolutionNode = FALSE
	EndGlobalSection
	GlobalSection(ExtensibilityGlobals) = postSolution
		SolutionGuid = {84B68627-F4F1-4D79-9169-E5EF069DE133}
	EndGlobalSection
EndGlobal
